
Microsoft Visual Studio Solution File, Format Version 12.00
# Visual Studio Version 16
VisualStudioVersion = 16.0.30523.141
MinimumVisualStudioVersion = 10.0.40219.1
Project("{9A19103F-16F7-4668-BE54-9A1E7A4F7556}") = "SharePoint.IO.Profile", "SharePoint.IO.Profile\SharePoint.IO.Profile.csproj", "{8674DDFD-3AC5-454B-BB48-12393994958F}"
EndProject
Project("{9A19103F-16F7-4668-BE54-9A1E7A4F7556}") = "SharePoint.IO", "SharePoint.IO\SharePoint.IO.csproj", "{765031FA-C83B-48FB-B70D-3DA340CA83D8}"
EndProject
Project("{9A19103F-16F7-4668-BE54-9A1E7A4F7556}") = "SharePoint.IO.Tests", "SharePoint.IO.Tests\SharePoint.IO.Tests.csproj", "{E018CCFE-C1D6-423B-8609-46B29D76C041}"
EndProject
Project("{9A19103F-16F7-4668-BE54-9A1E7A4F7556}") = "SharePoint.IO.Profile.Tests", "SharePoint.IO.Profile.Tests\SharePoint.IO.Profile.Tests.csproj", "{9DDF26AC-5D39-4E74-9998-8C19D7BE150B}"
EndProject
Global
	GlobalSection(SolutionConfigurationPlatforms) = preSolution
		Debug|Any CPU = Debug|Any CPU
		Release|Any CPU = Release|Any CPU
	EndGlobalSection
	GlobalSection(ProjectConfigurationPlatforms) = postSolution
		{8674DDFD-3AC5-454B-BB48-12393994958F}.Debug|Any CPU.ActiveCfg = Debug|Any CPU
		{8674DDFD-3AC5-454B-BB48-12393994958F}.Debug|Any CPU.Build.0 = Debug|Any CPU
		{8674DDFD-3AC5-454B-BB48-12393994958F}.Release|Any CPU.ActiveCfg = Release|Any CPU
		{8674DDFD-3AC5-454B-BB48-12393994958F}.Release|Any CPU.Build.0 = Release|Any CPU
		{765031FA-C83B-48FB-B70D-3DA340CA83D8}.Debug|Any CPU.ActiveCfg = Debug|Any CPU
		{765031FA-C83B-48FB-B70D-3DA340CA83D8}.Debug|Any CPU.Build.0 = Debug|Any CPU
		{765031FA-C83B-48FB-B70D-3DA340CA83D8}.Release|Any CPU.ActiveCfg = Release|Any CPU
		{765031FA-C83B-48FB-B70D-3DA340CA83D8}.Release|Any CPU.Build.0 = Release|Any CPU
		{E018CCFE-C1D6-423B-8609-46B29D76C041}.Debug|Any CPU.ActiveCfg = Debug|Any CPU
		{E018CCFE-C1D6-423B-8609-46B29D76C041}.Debug|Any CPU.Build.0 = Debug|Any CPU
		{E018CCFE-C1D6-423B-8609-46B29D76C041}.Release|Any CPU.ActiveCfg = Release|Any CPU
		{E018CCFE-C1D6-423B-8609-46B29D76C041}.Release|Any CPU.Build.0 = Release|Any CPU
		{9DDF26AC-5D39-4E74-9998-8C19D7BE150B}.Debug|Any CPU.ActiveCfg = Debug|Any CPU
		{9DDF26AC-5D39-4E74-9998-8C19D7BE150B}.Debug|Any CPU.Build.0 = Debug|Any CPU
		{9DDF26AC-5D39-4E74-9998-8C19D7BE150B}.Release|Any CPU.ActiveCfg = Release|Any CPU
		{9DDF26AC-5D39-4E74-9998-8C19D7BE150B}.Release|Any CPU.Build.0 = Release|Any CPU
	EndGlobalSection
	GlobalSection(SolutionProperties) = preSolution
		HideSolutionNode = FALSE
	EndGlobalSection
	GlobalSection(ExtensibilityGlobals) = postSolution
		SolutionGuid = {8149667D-BE2A-4809-842F-037B6ACFC5E6}
	EndGlobalSection
EndGlobal
